
Microsoft Visual Studio Solution File, Format Version 12.00
# Visual Studio Version 16
VisualStudioVersion = 16.0.31410.357
MinimumVisualStudioVersion = 10.0.40219.1
Project("{FAE04EC0-301F-11D3-BF4B-00C04F79EFBC}") = "WpfUserControl", "WpfUserControl\WpfUserControl.csproj", "{5EDB2442-7EA3-46A1-8053-05165E3942A7}"
EndProject
Global
	GlobalSection(SolutionConfigurationPlatforms) = preSolution
		Debug|Any CPU = Debug|Any CPU
		Release|Any CPU = Release|Any CPU
	EndGlobalSection
	GlobalSection(ProjectConfigurationPlatforms) = postSolution
		{5EDB2442-7EA3-46A1-8053-05165E3942A7}.Debug|Any CPU.ActiveCfg = Debug|Any CPU
		{5EDB2442-7EA3-46A1-8053-05165E3942A7}.Debug|Any CPU.Build.0 = Debug|Any CPU
		{5EDB2442-7EA3-46A1-8053-05165E3942A7}.Release|Any CPU.ActiveCfg = Release|Any CPU
		{5EDB2442-7EA3-46A1-8053-05165E3942A7}.Release|Any CPU.Build.0 = Release|Any CPU
	EndGlobalSection
	GlobalSection(SolutionProperties) = preSolution
		HideSolutionNode = FALSE
	EndGlobalSection
	GlobalSection(ExtensibilityGlobals) = postSolution
		SolutionGuid = {4A4D491E-383A-4B71-8BC2-F857C4750EBD}
	EndGlobalSection
EndGlobal
