
Microsoft Visual Studio Solution File, Format Version 12.00
# Visual Studio Version 16
VisualStudioVersion = 16.0.31410.357
MinimumVisualStudioVersion = 10.0.40219.1
Project("{FAE04EC0-301F-11D3-BF4B-00C04F79EFBC}") = "BackgroundWorkerApp", "BackgroundWorkerApp\BackgroundWorkerApp.csproj", "{3D208946-B751-4454-A904-D42E0E351FF6}"
EndProject
Global
	GlobalSection(SolutionConfigurationPlatforms) = preSolution
		Debug|Any CPU = Debug|Any CPU
		Release|Any CPU = Release|Any CPU
	EndGlobalSection
	GlobalSection(ProjectConfigurationPlatforms) = postSolution
		{3D208946-B751-4454-A904-D42E0E351FF6}.Debug|Any CPU.ActiveCfg = Debug|Any CPU
		{3D208946-B751-4454-A904-D42E0E351FF6}.Debug|Any CPU.Build.0 = Debug|Any CPU
		{3D208946-B751-4454-A904-D42E0E351FF6}.Release|Any CPU.ActiveCfg = Release|Any CPU
		{3D208946-B751-4454-A904-D42E0E351FF6}.Release|Any CPU.Build.0 = Release|Any CPU
	EndGlobalSection
	GlobalSection(SolutionProperties) = preSolution
		HideSolutionNode = FALSE
	EndGlobalSection
	GlobalSection(ExtensibilityGlobals) = postSolution
		SolutionGuid = {B1ECF34B-37EA-4BC6-B586-78B5191DFEA4}
	EndGlobalSection
EndGlobal
